// !$*UTF8*$!
{
	archiveVersion = 1;
	classes = {
	};
	objectVersion = 56;
	objects = {

/* Begin PBXBuildFile section */
		CA72B4C32B3B83100021BA4E /* WidgetKit.framework in Frameworks */ = {isa = PBXBuildFile; fileRef = CA72B4C22B3B83100021BA4E /* WidgetKit.framework */; };
		CA72B4C52B3B83100021BA4E /* SwiftUI.framework in Frameworks */ = {isa = PBXBuildFile; fileRef = CA72B4C42B3B83100021BA4E /* SwiftUI.framework */; };
		CA72B4C82B3B83110021BA4E /* DoWidgetBundle.swift in Sources */ = {isa = PBXBuildFile; fileRef = CA72B4C72B3B83110021BA4E /* DoWidgetBundle.swift */; };
		CA72B4CA2B3B83110021BA4E /* DoWidgetLiveActivity.swift in Sources */ = {isa = PBXBuildFile; fileRef = CA72B4C92B3B83110021BA4E /* DoWidgetLiveActivity.swift */; };
		CA72B4CC2B3B83110021BA4E /* DoWidget.swift in Sources */ = {isa = PBXBuildFile; fileRef = CA72B4CB2B3B83110021BA4E /* DoWidget.swift */; };
		CA72B4CE2B3B83110021BA4E /* AppIntent.swift in Sources */ = {isa = PBXBuildFile; fileRef = CA72B4CD2B3B83110021BA4E /* AppIntent.swift */; };
		CA72B4D02B3B83120021BA4E /* Assets.xcassets in Resources */ = {isa = PBXBuildFile; fileRef = CA72B4CF2B3B83120021BA4E /* Assets.xcassets */; };
		CA72B4D42B3B83120021BA4E /* DoWidgetExtension.appex in Embed Foundation Extensions */ = {isa = PBXBuildFile; fileRef = CA72B4C02B3B83100021BA4E /* DoWidgetExtension.appex */; settings = {ATTRIBUTES = (RemoveHeadersOnCopy, ); }; };
		CA72B4DC2B3B9D6F0021BA4E /* ItemList.swift in Sources */ = {isa = PBXBuildFile; fileRef = CA72B4DB2B3B9D6F0021BA4E /* ItemList.swift */; };
		CA72B4DE2B3CF7980021BA4E /* ItemRow.swift in Sources */ = {isa = PBXBuildFile; fileRef = CA72B4DD2B3CF7980021BA4E /* ItemRow.swift */; };
		CA72B4E02B3DF2860021BA4E /* Launch Screen.storyboard in Resources */ = {isa = PBXBuildFile; fileRef = CA72B4DF2B3DF2860021BA4E /* Launch Screen.storyboard */; };
		CA72B4E42B3DF8960021BA4E /* AppIconDark.png in Resources */ = {isa = PBXBuildFile; fileRef = CA72B4E32B3DF8960021BA4E /* AppIconDark.png */; };
		CA72B4E62B3DF8B70021BA4E /* AppIconLight.png in Resources */ = {isa = PBXBuildFile; fileRef = CA72B4E52B3DF8B70021BA4E /* AppIconLight.png */; };
		CA72B4EA2B3DF9E00021BA4E /* Logo.png in Resources */ = {isa = PBXBuildFile; fileRef = CA72B4E92B3DF9E00021BA4E /* Logo.png */; };
		CACD988A2B37BA3400374036 /* DoApp.swift in Sources */ = {isa = PBXBuildFile; fileRef = CACD98892B37BA3400374036 /* DoApp.swift */; };
		CACD988C2B37BA3400374036 /* ContentView.swift in Sources */ = {isa = PBXBuildFile; fileRef = CACD988B2B37BA3400374036 /* ContentView.swift */; };
		CACD988E2B37BA3400374036 /* Item.swift in Sources */ = {isa = PBXBuildFile; fileRef = CACD988D2B37BA3400374036 /* Item.swift */; };
		CACD98902B37BA3600374036 /* Assets.xcassets in Resources */ = {isa = PBXBuildFile; fileRef = CACD988F2B37BA3600374036 /* Assets.xcassets */; };
		CACD98942B37BA3600374036 /* Preview Assets.xcassets in Resources */ = {isa = PBXBuildFile; fileRef = CACD98932B37BA3600374036 /* Preview Assets.xcassets */; };
		CACD989C2B37E7EB00374036 /* ItemView.swift in Sources */ = {isa = PBXBuildFile; fileRef = CACD989B2B37E7EB00374036 /* ItemView.swift */; };
		CACD98A02B3A218800374036 /* NewToDoSheet.swift in Sources */ = {isa = PBXBuildFile; fileRef = CACD989F2B3A218800374036 /* NewToDoSheet.swift */; };
		CACD98A22B3A5FC300374036 /* HomeView.swift in Sources */ = {isa = PBXBuildFile; fileRef = CACD98A12B3A5FC300374036 /* HomeView.swift */; };
/* End PBXBuildFile section */

/* Begin PBXContainerItemProxy section */
		CA72B4D22B3B83120021BA4E /* PBXContainerItemProxy */ = {
			isa = PBXContainerItemProxy;
			containerPortal = CACD987E2B37BA3400374036 /* Project object */;
			proxyType = 1;
			remoteGlobalIDString = CA72B4BF2B3B83100021BA4E;
			remoteInfo = DoWidgetExtension;
		};
/* End PBXContainerItemProxy section */

/* Begin PBXCopyFilesBuildPhase section */
		CA72B4D82B3B83120021BA4E /* Embed Foundation Extensions */ = {
			isa = PBXCopyFilesBuildPhase;
			buildActionMask = 2147483647;
			dstPath = "";
			dstSubfolderSpec = 13;
			files = (
				CA72B4D42B3B83120021BA4E /* DoWidgetExtension.appex in Embed Foundation Extensions */,
			);
			name = "Embed Foundation Extensions";
			runOnlyForDeploymentPostprocessing = 0;
		};
/* End PBXCopyFilesBuildPhase section */

/* Begin PBXFileReference section */
		CA72B4C02B3B83100021BA4E /* DoWidgetExtension.appex */ = {isa = PBXFileReference; explicitFileType = "wrapper.app-extension"; includeInIndex = 0; path = DoWidgetExtension.appex; sourceTree = BUILT_PRODUCTS_DIR; };
		CA72B4C22B3B83100021BA4E /* WidgetKit.framework */ = {isa = PBXFileReference; lastKnownFileType = wrapper.framework; name = WidgetKit.framework; path = System/Library/Frameworks/WidgetKit.framework; sourceTree = SDKROOT; };
		CA72B4C42B3B83100021BA4E /* SwiftUI.framework */ = {isa = PBXFileReference; lastKnownFileType = wrapper.framework; name = SwiftUI.framework; path = System/Library/Frameworks/SwiftUI.framework; sourceTree = SDKROOT; };
		CA72B4C72B3B83110021BA4E /* DoWidgetBundle.swift */ = {isa = PBXFileReference; lastKnownFileType = sourcecode.swift; path = DoWidgetBundle.swift; sourceTree = "<group>"; };
		CA72B4C92B3B83110021BA4E /* DoWidgetLiveActivity.swift */ = {isa = PBXFileReference; lastKnownFileType = sourcecode.swift; path = DoWidgetLiveActivity.swift; sourceTree = "<group>"; };
		CA72B4CB2B3B83110021BA4E /* DoWidget.swift */ = {isa = PBXFileReference; lastKnownFileType = sourcecode.swift; path = DoWidget.swift; sourceTree = "<group>"; };
		CA72B4CD2B3B83110021BA4E /* AppIntent.swift */ = {isa = PBXFileReference; lastKnownFileType = sourcecode.swift; path = AppIntent.swift; sourceTree = "<group>"; };
		CA72B4CF2B3B83120021BA4E /* Assets.xcassets */ = {isa = PBXFileReference; lastKnownFileType = folder.assetcatalog; path = Assets.xcassets; sourceTree = "<group>"; };
		CA72B4D12B3B83120021BA4E /* Info.plist */ = {isa = PBXFileReference; lastKnownFileType = text.plist.xml; path = Info.plist; sourceTree = "<group>"; };
		CA72B4DB2B3B9D6F0021BA4E /* ItemList.swift */ = {isa = PBXFileReference; lastKnownFileType = sourcecode.swift; path = ItemList.swift; sourceTree = "<group>"; };
		CA72B4DD2B3CF7980021BA4E /* ItemRow.swift */ = {isa = PBXFileReference; lastKnownFileType = sourcecode.swift; path = ItemRow.swift; sourceTree = "<group>"; };
		CA72B4DF2B3DF2860021BA4E /* Launch Screen.storyboard */ = {isa = PBXFileReference; lastKnownFileType = file.storyboard; path = "Launch Screen.storyboard"; sourceTree = "<group>"; };
		CA72B4E32B3DF8960021BA4E /* AppIconDark.png */ = {isa = PBXFileReference; lastKnownFileType = image.png; path = AppIconDark.png; sourceTree = "<group>"; };
		CA72B4E52B3DF8B70021BA4E /* AppIconLight.png */ = {isa = PBXFileReference; lastKnownFileType = image.png; path = AppIconLight.png; sourceTree = "<group>"; };
		CA72B4E92B3DF9E00021BA4E /* Logo.png */ = {isa = PBXFileReference; lastKnownFileType = image.png; name = Logo.png; path = ../../../../../Desktop/Logo.png; sourceTree = "<group>"; };
		CACD98862B37BA3400374036 /* Do.app */ = {isa = PBXFileReference; explicitFileType = wrapper.application; includeInIndex = 0; path = Do.app; sourceTree = BUILT_PRODUCTS_DIR; };
		CACD98892B37BA3400374036 /* DoApp.swift */ = {isa = PBXFileReference; lastKnownFileType = sourcecode.swift; path = DoApp.swift; sourceTree = "<group>"; };
		CACD988B2B37BA3400374036 /* ContentView.swift */ = {isa = PBXFileReference; lastKnownFileType = sourcecode.swift; path = ContentView.swift; sourceTree = "<group>"; };
		CACD988D2B37BA3400374036 /* Item.swift */ = {isa = PBXFileReference; lastKnownFileType = sourcecode.swift; path = Item.swift; sourceTree = "<group>"; };
		CACD988F2B37BA3600374036 /* Assets.xcassets */ = {isa = PBXFileReference; lastKnownFileType = folder.assetcatalog; path = Assets.xcassets; sourceTree = "<group>"; };
		CACD98912B37BA3600374036 /* Do.entitlements */ = {isa = PBXFileReference; lastKnownFileType = text.plist.entitlements; path = Do.entitlements; sourceTree = "<group>"; };
		CACD98932B37BA3600374036 /* Preview Assets.xcassets */ = {isa = PBXFileReference; lastKnownFileType = folder.assetcatalog; path = "Preview Assets.xcassets"; sourceTree = "<group>"; };
		CACD98952B37BA3600374036 /* Info.plist */ = {isa = PBXFileReference; lastKnownFileType = text.plist.xml; path = Info.plist; sourceTree = "<group>"; };
		CACD989B2B37E7EB00374036 /* ItemView.swift */ = {isa = PBXFileReference; lastKnownFileType = sourcecode.swift; path = ItemView.swift; sourceTree = "<group>"; };
		CACD989F2B3A218800374036 /* NewToDoSheet.swift */ = {isa = PBXFileReference; lastKnownFileType = sourcecode.swift; path = NewToDoSheet.swift; sourceTree = "<group>"; };
		CACD98A12B3A5FC300374036 /* HomeView.swift */ = {isa = PBXFileReference; lastKnownFileType = sourcecode.swift; path = HomeView.swift; sourceTree = "<group>"; };
/* End PBXFileReference section */

/* Begin PBXFrameworksBuildPhase section */
		CA72B4BD2B3B83100021BA4E /* Frameworks */ = {
			isa = PBXFrameworksBuildPhase;
			buildActionMask = 2147483647;
			files = (
				CA72B4C52B3B83100021BA4E /* SwiftUI.framework in Frameworks */,
				CA72B4C32B3B83100021BA4E /* WidgetKit.framework in Frameworks */,
			);
			runOnlyForDeploymentPostprocessing = 0;
		};
		CACD98832B37BA3400374036 /* Frameworks */ = {
			isa = PBXFrameworksBuildPhase;
			buildActionMask = 2147483647;
			files = (
			);
			runOnlyForDeploymentPostprocessing = 0;
		};
/* End PBXFrameworksBuildPhase section */

/* Begin PBXGroup section */
		CA72B4C12B3B83100021BA4E /* Frameworks */ = {
			isa = PBXGroup;
			children = (
				CA72B4C22B3B83100021BA4E /* WidgetKit.framework */,
				CA72B4C42B3B83100021BA4E /* SwiftUI.framework */,
			);
			name = Frameworks;
			sourceTree = "<group>";
		};
		CA72B4C62B3B83110021BA4E /* DoWidget */ = {
			isa = PBXGroup;
			children = (
				CA72B4C72B3B83110021BA4E /* DoWidgetBundle.swift */,
				CA72B4C92B3B83110021BA4E /* DoWidgetLiveActivity.swift */,
				CA72B4CB2B3B83110021BA4E /* DoWidget.swift */,
				CA72B4CD2B3B83110021BA4E /* AppIntent.swift */,
				CA72B4CF2B3B83120021BA4E /* Assets.xcassets */,
				CA72B4D12B3B83120021BA4E /* Info.plist */,
			);
			path = DoWidget;
			sourceTree = "<group>";
		};
		CA72B4D92B3B9CEC0021BA4E /* Models */ = {
			isa = PBXGroup;
			children = (
				CACD988D2B37BA3400374036 /* Item.swift */,
				CA72B4DB2B3B9D6F0021BA4E /* ItemList.swift */,
			);
			path = Models;
			sourceTree = "<group>";
		};
		CA72B4DA2B3B9D0B0021BA4E /* Views */ = {
			isa = PBXGroup;
			children = (
				CACD98A12B3A5FC300374036 /* HomeView.swift */,
				CACD988B2B37BA3400374036 /* ContentView.swift */,
				CACD989B2B37E7EB00374036 /* ItemView.swift */,
				CA72B4DD2B3CF7980021BA4E /* ItemRow.swift */,
				CACD989F2B3A218800374036 /* NewToDoSheet.swift */,
			);
			path = Views;
			sourceTree = "<group>";
		};
		CA72B4E12B3DF87F0021BA4E /* Files */ = {
			isa = PBXGroup;
			children = (
				CA72B4E22B3DF8870021BA4E /* Images */,
			);
			path = Files;
			sourceTree = "<group>";
		};
		CA72B4E22B3DF8870021BA4E /* Images */ = {
			isa = PBXGroup;
			children = (
				CA72B4E92B3DF9E00021BA4E /* Logo.png */,
				CA72B4E32B3DF8960021BA4E /* AppIconDark.png */,
				CA72B4E52B3DF8B70021BA4E /* AppIconLight.png */,
			);
			path = Images;
			sourceTree = "<group>";
		};
		CACD987D2B37BA3400374036 = {
			isa = PBXGroup;
			children = (
				CACD98882B37BA3400374036 /* Do */,
				CA72B4C62B3B83110021BA4E /* DoWidget */,
				CA72B4C12B3B83100021BA4E /* Frameworks */,
				CACD98872B37BA3400374036 /* Products */,
			);
			sourceTree = "<group>";
		};
		CACD98872B37BA3400374036 /* Products */ = {
			isa = PBXGroup;
			children = (
				CACD98862B37BA3400374036 /* Do.app */,
				CA72B4C02B3B83100021BA4E /* DoWidgetExtension.appex */,
			);
			name = Products;
			sourceTree = "<group>";
		};
		CACD98882B37BA3400374036 /* Do */ = {
			isa = PBXGroup;
			children = (
				CA72B4E12B3DF87F0021BA4E /* Files */,
				CACD98892B37BA3400374036 /* DoApp.swift */,
				CA72B4D92B3B9CEC0021BA4E /* Models */,
				CA72B4DA2B3B9D0B0021BA4E /* Views */,
				CACD988F2B37BA3600374036 /* Assets.xcassets */,
				CA72B4DF2B3DF2860021BA4E /* Launch Screen.storyboard */,
				CACD98912B37BA3600374036 /* Do.entitlements */,
				CACD98952B37BA3600374036 /* Info.plist */,
				CACD98922B37BA3600374036 /* Preview Content */,
			);
			path = Do;
			sourceTree = "<group>";
		};
		CACD98922B37BA3600374036 /* Preview Content */ = {
			isa = PBXGroup;
			children = (
				CACD98932B37BA3600374036 /* Preview Assets.xcassets */,
			);
			path = "Preview Content";
			sourceTree = "<group>";
		};
/* End PBXGroup section */

/* Begin PBXNativeTarget section */
		CA72B4BF2B3B83100021BA4E /* DoWidgetExtension */ = {
			isa = PBXNativeTarget;
			buildConfigurationList = CA72B4D52B3B83120021BA4E /* Build configuration list for PBXNativeTarget "DoWidgetExtension" */;
			buildPhases = (
				CA72B4BC2B3B83100021BA4E /* Sources */,
				CA72B4BD2B3B83100021BA4E /* Frameworks */,
				CA72B4BE2B3B83100021BA4E /* Resources */,
			);
			buildRules = (
			);
			dependencies = (
			);
			name = DoWidgetExtension;
			productName = DoWidgetExtension;
			productReference = CA72B4C02B3B83100021BA4E /* DoWidgetExtension.appex */;
			productType = "com.apple.product-type.app-extension";
		};
		CACD98852B37BA3400374036 /* Do */ = {
			isa = PBXNativeTarget;
			buildConfigurationList = CACD98982B37BA3600374036 /* Build configuration list for PBXNativeTarget "Do" */;
			buildPhases = (
				CACD98822B37BA3400374036 /* Sources */,
				CACD98832B37BA3400374036 /* Frameworks */,
				CACD98842B37BA3400374036 /* Resources */,
				CA72B4D82B3B83120021BA4E /* Embed Foundation Extensions */,
			);
			buildRules = (
			);
			dependencies = (
				CA72B4D32B3B83120021BA4E /* PBXTargetDependency */,
			);
			name = Do;
			productName = Do;
			productReference = CACD98862B37BA3400374036 /* Do.app */;
			productType = "com.apple.product-type.application";
		};
/* End PBXNativeTarget section */

/* Begin PBXProject section */
		CACD987E2B37BA3400374036 /* Project object */ = {
			isa = PBXProject;
			attributes = {
				BuildIndependentTargetsInParallel = 1;
				LastSwiftUpdateCheck = 1510;
				LastUpgradeCheck = 1510;
				TargetAttributes = {
					CA72B4BF2B3B83100021BA4E = {
						CreatedOnToolsVersion = 15.1;
					};
					CACD98852B37BA3400374036 = {
						CreatedOnToolsVersion = 15.1;
					};
				};
			};
			buildConfigurationList = CACD98812B37BA3400374036 /* Build configuration list for PBXProject "Do" */;
			compatibilityVersion = "Xcode 14.0";
			developmentRegion = en;
			hasScannedForEncodings = 0;
			knownRegions = (
				en,
				Base,
			);
			mainGroup = CACD987D2B37BA3400374036;
			productRefGroup = CACD98872B37BA3400374036 /* Products */;
			projectDirPath = "";
			projectRoot = "";
			targets = (
				CACD98852B37BA3400374036 /* Do */,
				CA72B4BF2B3B83100021BA4E /* DoWidgetExtension */,
			);
		};
/* End PBXProject section */

/* Begin PBXResourcesBuildPhase section */
		CA72B4BE2B3B83100021BA4E /* Resources */ = {
			isa = PBXResourcesBuildPhase;
			buildActionMask = 2147483647;
			files = (
				CA72B4D02B3B83120021BA4E /* Assets.xcassets in Resources */,
			);
			runOnlyForDeploymentPostprocessing = 0;
		};
		CACD98842B37BA3400374036 /* Resources */ = {
			isa = PBXResourcesBuildPhase;
			buildActionMask = 2147483647;
			files = (
				CA72B4EA2B3DF9E00021BA4E /* Logo.png in Resources */,
				CA72B4E42B3DF8960021BA4E /* AppIconDark.png in Resources */,
				CA72B4E62B3DF8B70021BA4E /* AppIconLight.png in Resources */,
				CA72B4E02B3DF2860021BA4E /* Launch Screen.storyboard in Resources */,
				CACD98942B37BA3600374036 /* Preview Assets.xcassets in Resources */,
				CACD98902B37BA3600374036 /* Assets.xcassets in Resources */,
			);
			runOnlyForDeploymentPostprocessing = 0;
		};
/* End PBXResourcesBuildPhase section */

/* Begin PBXSourcesBuildPhase section */
		CA72B4BC2B3B83100021BA4E /* Sources */ = {
			isa = PBXSourcesBuildPhase;
			buildActionMask = 2147483647;
			files = (
				CA72B4C82B3B83110021BA4E /* DoWidgetBundle.swift in Sources */,
				CA72B4CE2B3B83110021BA4E /* AppIntent.swift in Sources */,
				CA72B4CA2B3B83110021BA4E /* DoWidgetLiveActivity.swift in Sources */,
				CA72B4CC2B3B83110021BA4E /* DoWidget.swift in Sources */,
			);
			runOnlyForDeploymentPostprocessing = 0;
		};
		CACD98822B37BA3400374036 /* Sources */ = {
			isa = PBXSourcesBuildPhase;
			buildActionMask = 2147483647;
			files = (
				CACD988C2B37BA3400374036 /* ContentView.swift in Sources */,
				CACD988E2B37BA3400374036 /* Item.swift in Sources */,
				CACD98A02B3A218800374036 /* NewToDoSheet.swift in Sources */,
				CA72B4DC2B3B9D6F0021BA4E /* ItemList.swift in Sources */,
				CACD98A22B3A5FC300374036 /* HomeView.swift in Sources */,
				CACD988A2B37BA3400374036 /* DoApp.swift in Sources */,
				CACD989C2B37E7EB00374036 /* ItemView.swift in Sources */,
				CA72B4DE2B3CF7980021BA4E /* ItemRow.swift in Sources */,
			);
			runOnlyForDeploymentPostprocessing = 0;
		};
/* End PBXSourcesBuildPhase section */

/* Begin PBXTargetDependency section */
		CA72B4D32B3B83120021BA4E /* PBXTargetDependency */ = {
			isa = PBXTargetDependency;
			target = CA72B4BF2B3B83100021BA4E /* DoWidgetExtension */;
			targetProxy = CA72B4D22B3B83120021BA4E /* PBXContainerItemProxy */;
		};
/* End PBXTargetDependency section */

/* Begin XCBuildConfiguration section */
		CA72B4D62B3B83120021BA4E /* Debug */ = {
			isa = XCBuildConfiguration;
			buildSettings = {
				ASSETCATALOG_COMPILER_GLOBAL_ACCENT_COLOR_NAME = AccentColor;
				ASSETCATALOG_COMPILER_WIDGET_BACKGROUND_COLOR_NAME = WidgetBackground;
				CODE_SIGN_STYLE = Automatic;
				CURRENT_PROJECT_VERSION = 1;
				DEVELOPMENT_TEAM = WLZGCT3BTU;
				GENERATE_INFOPLIST_FILE = YES;
				INFOPLIST_FILE = DoWidget/Info.plist;
				INFOPLIST_KEY_CFBundleDisplayName = DoWidget;
				INFOPLIST_KEY_NSHumanReadableCopyright = "";
				IPHONEOS_DEPLOYMENT_TARGET = 17.2;
				LD_RUNPATH_SEARCH_PATHS = (
					"$(inherited)",
					"@executable_path/Frameworks",
					"@executable_path/../../Frameworks",
				);
				MARKETING_VERSION = 1.0;
				PRODUCT_BUNDLE_IDENTIFIER = dev.codewithbeto.Do.DoWidget;
				PRODUCT_NAME = "$(TARGET_NAME)";
				SDKROOT = iphoneos;
				SKIP_INSTALL = YES;
				SWIFT_EMIT_LOC_STRINGS = YES;
				SWIFT_VERSION = 5.0;
				TARGETED_DEVICE_FAMILY = "1,2";
			};
			name = Debug;
		};
		CA72B4D72B3B83120021BA4E /* Release */ = {
			isa = XCBuildConfiguration;
			buildSettings = {
				ASSETCATALOG_COMPILER_GLOBAL_ACCENT_COLOR_NAME = AccentColor;
				ASSETCATALOG_COMPILER_WIDGET_BACKGROUND_COLOR_NAME = WidgetBackground;
				CODE_SIGN_STYLE = Automatic;
				CURRENT_PROJECT_VERSION = 1;
				DEVELOPMENT_TEAM = WLZGCT3BTU;
				GENERATE_INFOPLIST_FILE = YES;
				INFOPLIST_FILE = DoWidget/Info.plist;
				INFOPLIST_KEY_CFBundleDisplayName = DoWidget;
				INFOPLIST_KEY_NSHumanReadableCopyright = "";
				IPHONEOS_DEPLOYMENT_TARGET = 17.2;
				LD_RUNPATH_SEARCH_PATHS = (
					"$(inherited)",
					"@executable_path/Frameworks",
					"@executable_path/../../Frameworks",
				);
				MARKETING_VERSION = 1.0;
				PRODUCT_BUNDLE_IDENTIFIER = dev.codewithbeto.Do.DoWidget;
				PRODUCT_NAME = "$(TARGET_NAME)";
				SDKROOT = iphoneos;
				SKIP_INSTALL = YES;
				SWIFT_EMIT_LOC_STRINGS = YES;
				SWIFT_VERSION = 5.0;
				TARGETED_DEVICE_FAMILY = "1,2";
				VALIDATE_PRODUCT = YES;
			};
			name = Release;
		};
		CACD98962B37BA3600374036 /* Debug */ = {
			isa = XCBuildConfiguration;
			buildSettings = {
				ALWAYS_SEARCH_USER_PATHS = NO;
				ASSETCATALOG_COMPILER_GENERATE_SWIFT_ASSET_SYMBOL_EXTENSIONS = YES;
				CLANG_ANALYZER_NONNULL = YES;
				CLANG_ANALYZER_NUMBER_OBJECT_CONVERSION = YES_AGGRESSIVE;
				CLANG_CXX_LANGUAGE_STANDARD = "gnu++20";
				CLANG_ENABLE_MODULES = YES;
				CLANG_ENABLE_OBJC_ARC = YES;
				CLANG_ENABLE_OBJC_WEAK = YES;
				CLANG_WARN_BLOCK_CAPTURE_AUTORELEASING = YES;
				CLANG_WARN_BOOL_CONVERSION = YES;
				CLANG_WARN_COMMA = YES;
				CLANG_WARN_CONSTANT_CONVERSION = YES;
				CLANG_WARN_DEPRECATED_OBJC_IMPLEMENTATIONS = YES;
				CLANG_WARN_DIRECT_OBJC_ISA_USAGE = YES_ERROR;
				CLANG_WARN_DOCUMENTATION_COMMENTS = YES;
				CLANG_WARN_EMPTY_BODY = YES;
				CLANG_WARN_ENUM_CONVERSION = YES;
				CLANG_WARN_INFINITE_RECURSION = YES;
				CLANG_WARN_INT_CONVERSION = YES;
				CLANG_WARN_NON_LITERAL_NULL_CONVERSION = YES;
				CLANG_WARN_OBJC_IMPLICIT_RETAIN_SELF = YES;
				CLANG_WARN_OBJC_LITERAL_CONVERSION = YES;
				CLANG_WARN_OBJC_ROOT_CLASS = YES_ERROR;
				CLANG_WARN_QUOTED_INCLUDE_IN_FRAMEWORK_HEADER = YES;
				CLANG_WARN_RANGE_LOOP_ANALYSIS = YES;
				CLANG_WARN_STRICT_PROTOTYPES = YES;
				CLANG_WARN_SUSPICIOUS_MOVE = YES;
				CLANG_WARN_UNGUARDED_AVAILABILITY = YES_AGGRESSIVE;
				CLANG_WARN_UNREACHABLE_CODE = YES;
				CLANG_WARN__DUPLICATE_METHOD_MATCH = YES;
				COPY_PHASE_STRIP = NO;
				DEBUG_INFORMATION_FORMAT = dwarf;
				ENABLE_STRICT_OBJC_MSGSEND = YES;
				ENABLE_TESTABILITY = YES;
				ENABLE_USER_SCRIPT_SANDBOXING = YES;
				GCC_C_LANGUAGE_STANDARD = gnu17;
				GCC_DYNAMIC_NO_PIC = NO;
				GCC_NO_COMMON_BLOCKS = YES;
				GCC_OPTIMIZATION_LEVEL = 0;
				GCC_PREPROCESSOR_DEFINITIONS = (
					"DEBUG=1",
					"$(inherited)",
				);
				GCC_WARN_64_TO_32_BIT_CONVERSION = YES;
				GCC_WARN_ABOUT_RETURN_TYPE = YES_ERROR;
				GCC_WARN_UNDECLARED_SELECTOR = YES;
				GCC_WARN_UNINITIALIZED_AUTOS = YES_AGGRESSIVE;
				GCC_WARN_UNUSED_FUNCTION = YES;
				GCC_WARN_UNUSED_VARIABLE = YES;
				LOCALIZATION_PREFERS_STRING_CATALOGS = YES;
				MTL_ENABLE_DEBUG_INFO = INCLUDE_SOURCE;
				MTL_FAST_MATH = YES;
				ONLY_ACTIVE_ARCH = YES;
				SWIFT_ACTIVE_COMPILATION_CONDITIONS = "DEBUG $(inherited)";
				SWIFT_OPTIMIZATION_LEVEL = "-Onone";
			};
			name = Debug;
		};
		CACD98972B37BA3600374036 /* Release */ = {
			isa = XCBuildConfiguration;
			buildSettings = {
				ALWAYS_SEARCH_USER_PATHS = NO;
				ASSETCATALOG_COMPILER_GENERATE_SWIFT_ASSET_SYMBOL_EXTENSIONS = YES;
				CLANG_ANALYZER_NONNULL = YES;
				CLANG_ANALYZER_NUMBER_OBJECT_CONVERSION = YES_AGGRESSIVE;
				CLANG_CXX_LANGUAGE_STANDARD = "gnu++20";
				CLANG_ENABLE_MODULES = YES;
				CLANG_ENABLE_OBJC_ARC = YES;
				CLANG_ENABLE_OBJC_WEAK = YES;
				CLANG_WARN_BLOCK_CAPTURE_AUTORELEASING = YES;
				CLANG_WARN_BOOL_CONVERSION = YES;
				CLANG_WARN_COMMA = YES;
				CLANG_WARN_CONSTANT_CONVERSION = YES;
				CLANG_WARN_DEPRECATED_OBJC_IMPLEMENTATIONS = YES;
				CLANG_WARN_DIRECT_OBJC_ISA_USAGE = YES_ERROR;
				CLANG_WARN_DOCUMENTATION_COMMENTS = YES;
				CLANG_WARN_EMPTY_BODY = YES;
				CLANG_WARN_ENUM_CONVERSION = YES;
				CLANG_WARN_INFINITE_RECURSION = YES;
				CLANG_WARN_INT_CONVERSION = YES;
				CLANG_WARN_NON_LITERAL_NULL_CONVERSION = YES;
				CLANG_WARN_OBJC_IMPLICIT_RETAIN_SELF = YES;
				CLANG_WARN_OBJC_LITERAL_CONVERSION = YES;
				CLANG_WARN_OBJC_ROOT_CLASS = YES_ERROR;
				CLANG_WARN_QUOTED_INCLUDE_IN_FRAMEWORK_HEADER = YES;
				CLANG_WARN_RANGE_LOOP_ANALYSIS = YES;
				CLANG_WARN_STRICT_PROTOTYPES = YES;
				CLANG_WARN_SUSPICIOUS_MOVE = YES;
				CLANG_WARN_UNGUARDED_AVAILABILITY = YES_AGGRESSIVE;
				CLANG_WARN_UNREACHABLE_CODE = YES;
				CLANG_WARN__DUPLICATE_METHOD_MATCH = YES;
				COPY_PHASE_STRIP = NO;
				DEBUG_INFORMATION_FORMAT = "dwarf-with-dsym";
				ENABLE_NS_ASSERTIONS = NO;
				ENABLE_STRICT_OBJC_MSGSEND = YES;
				ENABLE_USER_SCRIPT_SANDBOXING = YES;
				GCC_C_LANGUAGE_STANDARD = gnu17;
				GCC_NO_COMMON_BLOCKS = YES;
				GCC_WARN_64_TO_32_BIT_CONVERSION = YES;
				GCC_WARN_ABOUT_RETURN_TYPE = YES_ERROR;
				GCC_WARN_UNDECLARED_SELECTOR = YES;
				GCC_WARN_UNINITIALIZED_AUTOS = YES_AGGRESSIVE;
				GCC_WARN_UNUSED_FUNCTION = YES;
				GCC_WARN_UNUSED_VARIABLE = YES;
				LOCALIZATION_PREFERS_STRING_CATALOGS = YES;
				MTL_ENABLE_DEBUG_INFO = NO;
				MTL_FAST_MATH = YES;
				SWIFT_COMPILATION_MODE = wholemodule;
			};
			name = Release;
		};
		CACD98992B37BA3600374036 /* Debug */ = {
			isa = XCBuildConfiguration;
			buildSettings = {
				ALWAYS_EMBED_SWIFT_STANDARD_LIBRARIES = YES;
				ASSETCATALOG_COMPILER_APPICON_NAME = AppIcon;
				ASSETCATALOG_COMPILER_GLOBAL_ACCENT_COLOR_NAME = AccentColor;
				CODE_SIGN_ENTITLEMENTS = Do/Do.entitlements;
				CODE_SIGN_STYLE = Automatic;
				CURRENT_PROJECT_VERSION = 1;
				DEVELOPMENT_ASSET_PATHS = "\"Do/Preview Content\"";
				DEVELOPMENT_TEAM = WLZGCT3BTU;
				ENABLE_HARDENED_RUNTIME = YES;
				ENABLE_PREVIEWS = YES;
				GENERATE_INFOPLIST_FILE = YES;
				INFOPLIST_FILE = Do/Info.plist;
				"INFOPLIST_KEY_UIApplicationSceneManifest_Generation[sdk=iphoneos*]" = YES;
				"INFOPLIST_KEY_UIApplicationSceneManifest_Generation[sdk=iphonesimulator*]" = YES;
				"INFOPLIST_KEY_UIApplicationSupportsIndirectInputEvents[sdk=iphoneos*]" = YES;
				"INFOPLIST_KEY_UIApplicationSupportsIndirectInputEvents[sdk=iphonesimulator*]" = YES;
				"INFOPLIST_KEY_UILaunchScreen_Generation[sdk=iphoneos*]" = YES;
				"INFOPLIST_KEY_UILaunchScreen_Generation[sdk=iphonesimulator*]" = YES;
				INFOPLIST_KEY_UILaunchStoryboardName = "Launch Screen.storyboard";
				"INFOPLIST_KEY_UIStatusBarStyle[sdk=iphoneos*]" = UIStatusBarStyleDefault;
				"INFOPLIST_KEY_UIStatusBarStyle[sdk=iphonesimulator*]" = UIStatusBarStyleDefault;
				INFOPLIST_KEY_UISupportedInterfaceOrientations_iPad = "UIInterfaceOrientationPortrait UIInterfaceOrientationPortraitUpsideDown UIInterfaceOrientationLandscapeLeft UIInterfaceOrientationLandscapeRight";
				INFOPLIST_KEY_UISupportedInterfaceOrientations_iPhone = "UIInterfaceOrientationPortrait UIInterfaceOrientationLandscapeLeft UIInterfaceOrientationLandscapeRight";
				IPHONEOS_DEPLOYMENT_TARGET = 17.2;
				LD_RUNPATH_SEARCH_PATHS = "@executable_path/Frameworks";
				"LD_RUNPATH_SEARCH_PATHS[sdk=macosx*]" = "@executable_path/../Frameworks";
				MACOSX_DEPLOYMENT_TARGET = 14.0;
				MARKETING_VERSION = 1.0;
				PRODUCT_BUNDLE_IDENTIFIER = dev.codewithbeto.Do;
				PRODUCT_NAME = "$(TARGET_NAME)";
				SDKROOT = auto;
				SUPPORTED_PLATFORMS = "iphoneos iphonesimulator macosx";
				SWIFT_EMIT_LOC_STRINGS = YES;
				SWIFT_VERSION = 5.0;
				TARGETED_DEVICE_FAMILY = "1,2";
			};
			name = Debug;
		};
		CACD989A2B37BA3600374036 /* Release */ = {
			isa = XCBuildConfiguration;
			buildSettings = {
				ALWAYS_EMBED_SWIFT_STANDARD_LIBRARIES = YES;
				ASSETCATALOG_COMPILER_APPICON_NAME = AppIcon;
				ASSETCATALOG_COMPILER_GLOBAL_ACCENT_COLOR_NAME = AccentColor;
				CODE_SIGN_ENTITLEMENTS = Do/Do.entitlements;
				CODE_SIGN_STYLE = Automatic;
				CURRENT_PROJECT_VERSION = 1;
				DEVELOPMENT_ASSET_PATHS = "\"Do/Preview Content\"";
				DEVELOPMENT_TEAM = WLZGCT3BTU;
				ENABLE_HARDENED_RUNTIME = YES;
				ENABLE_PREVIEWS = YES;
				GENERATE_INFOPLIST_FILE = YES;
				INFOPLIST_FILE = Do/Info.plist;
				"INFOPLIST_KEY_UIApplicationSceneManifest_Generation[sdk=iphoneos*]" = YES;
				"INFOPLIST_KEY_UIApplicationSceneManifest_Generation[sdk=iphonesimulator*]" = YES;
				"INFOPLIST_KEY_UIApplicationSupportsIndirectInputEvents[sdk=iphoneos*]" = YES;
				"INFOPLIST_KEY_UIApplicationSupportsIndirectInputEvents[sdk=iphonesimulator*]" = YES;
				"INFOPLIST_KEY_UILaunchScreen_Generation[sdk=iphoneos*]" = YES;
				"INFOPLIST_KEY_UILaunchScreen_Generation[sdk=iphonesimulator*]" = YES;
				INFOPLIST_KEY_UILaunchStoryboardName = "Launch Screen.storyboard";
				"INFOPLIST_KEY_UIStatusBarStyle[sdk=iphoneos*]" = UIStatusBarStyleDefault;
				"INFOPLIST_KEY_UIStatusBarStyle[sdk=iphonesimulator*]" = UIStatusBarStyleDefault;
				INFOPLIST_KEY_UISupportedInterfaceOrientations_iPad = "UIInterfaceOrientationPortrait UIInterfaceOrientationPortraitUpsideDown UIInterfaceOrientationLandscapeLeft UIInterfaceOrientationLandscapeRight";
				INFOPLIST_KEY_UISupportedInterfaceOrientations_iPhone = "UIInterfaceOrientationPortrait UIInterfaceOrientationLandscapeLeft UIInterfaceOrientationLandscapeRight";
				IPHONEOS_DEPLOYMENT_TARGET = 17.2;
				LD_RUNPATH_SEARCH_PATHS = "@executable_path/Frameworks";
				"LD_RUNPATH_SEARCH_PATHS[sdk=macosx*]" = "@executable_path/../Frameworks";
				MACOSX_DEPLOYMENT_TARGET = 14.0;
				MARKETING_VERSION = 1.0;
				PRODUCT_BUNDLE_IDENTIFIER = dev.codewithbeto.Do;
				PRODUCT_NAME = "$(TARGET_NAME)";
				SDKROOT = auto;
				SUPPORTED_PLATFORMS = "iphoneos iphonesimulator macosx";
				SWIFT_EMIT_LOC_STRINGS = YES;
				SWIFT_VERSION = 5.0;
				TARGETED_DEVICE_FAMILY = "1,2";
			};
			name = Release;
		};
/* End XCBuildConfiguration section */

/* Begin XCConfigurationList section */
		CA72B4D52B3B83120021BA4E /* Build configuration list for PBXNativeTarget "DoWidgetExtension" */ = {
			isa = XCConfigurationList;
			buildConfigurations = (
				CA72B4D62B3B83120021BA4E /* Debug */,
				CA72B4D72B3B83120021BA4E /* Release */,
			);
			defaultConfigurationIsVisible = 0;
			defaultConfigurationName = Release;
		};
		CACD98812B37BA3400374036 /* Build configuration list for PBXProject "Do" */ = {
			isa = XCConfigurationList;
			buildConfigurations = (
				CACD98962B37BA3600374036 /* Debug */,
				CACD98972B37BA3600374036 /* Release */,
			);
			defaultConfigurationIsVisible = 0;
			defaultConfigurationName = Release;
		};
		CACD98982B37BA3600374036 /* Build configuration list for PBXNativeTarget "Do" */ = {
			isa = XCConfigurationList;
			buildConfigurations = (
				CACD98992B37BA3600374036 /* Debug */,
				CACD989A2B37BA3600374036 /* Release */,
			);
			defaultConfigurationIsVisible = 0;
			defaultConfigurationName = Release;
		};
/* End XCConfigurationList section */
	};
	rootObject = CACD987E2B37BA3400374036 /* Project object */;
}
